# This file is automatically @generated by Cargo.
# It is not intended for manual editing.
version = 4

[[package]]
name = "aho-corasick"
version = "1.1.5"
source = "registry+https://github.com/rust-lang/crates.io-index"
checksum = "c982642fa9e8606056828ee9a8505737230110bb1099153c79efe865c59d12ba"
dependencies = [
 "memchr",
]

[[package]]
name = "bitflags"
version = "2.13.2"
source = "registry+https://github.com/rust-lang/crates.io-index"
checksum = "3ded4057c258ba199e2d26386d3af3780957ecaee6c4ef4041c6b4b8b97c0b06"

[[package]]
name = "bstr"
version = "1.13.1"
source = "registry+https://github.com/rust-lang/crates.io-index"
checksum = "6bb31b46c14244e20ee9984b11bf5c992b91fb6939fea616e3512c8baecdbe5f"
dependencies = [
 "memchr",
 "serde_core",
]

[[package]]
name = "cc"
version = "1.5.1"
source = "registry+https://github.com/rust-lang/crates.io-index"
checksum = "f360145194ee8e21db5ee7f3fcd4fe52210864c75c985dae33218202c8bbe040"
dependencies = [
 "find-msvc-tools",
 "shlex",
]

[[package]]
name = "cmake"
version = "0.1.58"
source = "registry+https://github.com/rust-lang/crates.io-index"
checksum = "c0f78a02292a74a88ac736019ab962ece0bc380e3f977bf72e376c5d78ff0678"
dependencies = [
 "cc",
]

[[package]]
name = "crossbeam-deque"
version = "0.8.8"
source = "registry+https://github.com/rust-lang/crates.io-index"
checksum = "622f3fc73690be383c7214310406f28a90e6edeadc3cea882f9d71e495b9711a"
dependencies = [
 "crossbeam-epoch",
 "crossbeam-utils",
]

[[package]]
name = "crossbeam-epoch"
version = "0.9.21"
source = "registry+https://github.com/rust-lang/crates.io-index"
checksum = "dc74980687109a3b14c72fd458107bf0baa1da1a1a805e178d15501ba9b86d9d"
dependencies = [
 "crossbeam-utils",
]

[[package]]
name = "crossbeam-utils"
version = "0.8.23"
source = "registry+https://github.com/rust-lang/crates.io-index"
checksum = "a31eee39dddec8330830986fcd7625edb5a24ec90ea038215273bbc3adb08ac6"

[[package]]
name = "either"
version = "1.18.0"
source = "registry+https://github.com/rust-lang/crates.io-index"
checksum = "252afb9ae5eaa683babdc6a068b3f5726eb19e05070c731f9b2a23a7c3e8ed34"

[[package]]
name = "equivalent"
version = "1.0.2"
source = "registry+https://github.com/rust-lang/crates.io-index"
checksum = "877a4ace8713b0bcf2a4e7eec82529c029f1d0619886d18145fea96c3ffe5c0f"

[[package]]
name = "find-msvc-tools"
version = "0.1.14"
source = "registry+https://github.com/rust-lang/crates.io-index"
checksum = "aedcfb3409746eddb02b9e19ebda1c3394f759a152e48ee875a0844d1b955484"

[[package]]
name = "hashbrown"
version = "0.17.1"
source = "registry+https://github.com/rust-lang/crates.io-index"
checksum = "ed5909b6e89a2db4456e54cd5f673791d7eca6732202bbf2a9cc504fe2f9b84a"

[[package]]
name = "indexmap"
version = "2.14.2"
source = "registry+https://github.com/rust-lang/crates.io-index"
checksum = "cc4e190f5d26ca7051642629da2c52fc03bde85a03197c99408dcd291734c855"
dependencies = [
 "equivalent",
 "hashbrown",
]

[[package]]
name = "itoa"
version = "1.0.18"
source = "registry+https://github.com/rust-lang/crates.io-index"
checksum = "8f42a60cbdf9a97f5d2305f08a87dc4e09308d1276d28c869c684d7777685682"

[[package]]
name = "libc"
version = "0.2.189"
source = "registry+https://github.com/rust-lang/crates.io-index"
checksum = "3eaf3ede3fee6db1a4c2ee091bf8a8b4dccdc6d17f656fb07896ee72867612f2"

[[package]]
name = "libmimalloc-sys2"
version = "0.1.63"
source = "registry+https://github.com/rust-lang/crates.io-index"
checksum = "2812ea58f6620a137d0e7c7b9ba63f515248c5575bd669f739a9ea4b56ba8259"
dependencies = [
 "cc",
 "cmake",
 "libc",
]

[[package]]
name = "memchr"
version = "2.8.3"
source = "registry+https://github.com/rust-lang/crates.io-index"
checksum = "cf8baf1c55e62ffcace7a9f06f4bd9cd3f0c4beb022d3b367256b91b87513d98"

[[package]]
name = "mimalloc-safe"
version = "0.1.67"
source = "registry+https://github.com/rust-lang/crates.io-index"
checksum = "7f9fd5a18b7a9c72d89d0e906a9d5b93c330c159e9d5072c858e4631f0bd0ada"
dependencies = [
 "libmimalloc-sys2",
]

[[package]]
name = "proc-macro2"
version = "1.0.107"
source = "registry+https://github.com/rust-lang/crates.io-index"
checksum = "985e7ec9bb745e6ce6535b544d84d6cd6f7ad8bd711c398938ae983b91a766d9"
dependencies = [
 "unicode-ident",
]

[[package]]
name = "quote"
version = "1.0.47"
source = "registry+https://github.com/rust-lang/crates.io-index"
checksum = "1fbf4db142a473a8d80c26bbf18454ed458bf8d26c8219c331daecfdbd079001"
dependencies = [
 "proc-macro2",
]

[[package]]
name = "rayon"
version = "1.12.0"
source = "registry+https://github.com/rust-lang/crates.io-index"
checksum = "fb39b166781f92d482534ef4b4b1b2568f42613b53e5b6c160e24cfbfa30926d"
dependencies = [
 "either",
 "rayon-core",
]

[[package]]
name = "rayon-core"
version = "1.13.0"
source = "registry+https://github.com/rust-lang/crates.io-index"
checksum = "22e18b0f0062d30d4230b2e85ff77fdfe4326feb054b9783a3460d8435c8ab91"
dependencies = [
 "crossbeam-deque",
 "crossbeam-utils",
]

[[package]]
name = "regex"
version = "1.13.1"
source = "registry+https://github.com/rust-lang/crates.io-index"
checksum = "f020237b6c8eed93db2e2cb53c00c60a8e1bc73da7d073199a1180401450218d"
dependencies = [
 "aho-corasick",
 "memchr",
 "regex-automata",
 "regex-syntax",
]

[[package]]
name = "regex-automata"
version = "0.4.18"
source = "registry+https://github.com/rust-lang/crates.io-index"
checksum = "ad8553b9b26413251cbf30e620595c7a41b3887f03da04579c0e6b0d6a06b4b2"
dependencies = [
 "aho-corasick",
 "memchr",
 "regex-syntax",
]

[[package]]
name = "regex-syntax"
version = "0.8.11"
source = "registry+https://github.com/rust-lang/crates.io-index"
checksum = "d6f6ff9a378485b298a5286656da665ba74413d36db0979633275d2e708145d4"

[[package]]
name = "rustc-hash"
version = "2.1.3"
source = "registry+https://github.com/rust-lang/crates.io-index"
checksum = "6b1e7f9a428571be2dc5bc0505c13fb6bf936822b894ec87abf8a08a4e51742d"

[[package]]
name = "serde"
version = "1.0.229"
source = "registry+https://github.com/rust-lang/crates.io-index"
checksum = "4148590afebada386688f18773da617792bf2ef03ffc1e4cbd2b1d45b023e0ba"
dependencies = [
 "serde_core",
 "serde_derive",
]

[[package]]
name = "serde_core"
version = "1.0.229"
source = "registry+https://github.com/rust-lang/crates.io-index"
checksum = "67dca2c9c51e58a4791a4b1ed58308b39c64224d349a935ab5039aa360942a48"
dependencies = [
 "serde_derive",
]

[[package]]
name = "serde_derive"
version = "1.0.229"
source = "registry+https://github.com/rust-lang/crates.io-index"
checksum = "e7a5d71263a5a7d47b41f6b3f06ba276f10cc18b0931f1799f710578e2309348"
dependencies = [
 "proc-macro2",
 "quote",
 "syn",
]

[[package]]
name = "serde_json"
version = "1.0.151"
source = "registry+https://github.com/rust-lang/crates.io-index"
checksum = "c841b55ecdae098c80dcae9cf767f6f8a0c2cdb3416bbef72181df4d0fe73f14"
dependencies = [
 "itoa",
 "memchr",
 "serde",
 "serde_core",
 "zmij",
]

[[package]]
name = "shlex"
version = "2.0.1"
source = "registry+https://github.com/rust-lang/crates.io-index"
checksum = "f8fadd59c855ef2080decdef8ff161eb6661b86933c9d82e5ba29dc602a55aba"

[[package]]
name = "similar"
version = "3.2.0"
source = "registry+https://github.com/rust-lang/crates.io-index"
checksum = "4f66ca1f7aca2474dc10c942eb22feffc897735f54cd1db90138c2fddb490987"
dependencies = [
 "bstr",
]

[[package]]
name = "syn"
version = "3.0.6"
source = "registry+https://github.com/rust-lang/crates.io-index"
checksum = "8593e8e72159ed2257d083c7a454a85cbf854f37a0966d8d483aff8c8a3ebcee"
dependencies = [
 "proc-macro2",
 "quote",
 "unicode-ident",
]

[[package]]
name = "tsrs_api"
version = "0.11.0"
dependencies = [
 "rustc-hash",
 "tsrs_api_codec",
 "tsrs_api_transport",
 "tsrs_ast",
 "tsrs_astnav",
 "tsrs_checker",
 "tsrs_compiler",
 "tsrs_core",
 "tsrs_diagnostics",
 "tsrs_ls",
 "tsrs_lsproto",
 "tsrs_module",
 "tsrs_printer",
 "tsrs_project",
 "tsrs_scanner",
 "tsrs_tsoptions",
 "tsrs_vfs",
]

[[package]]
name = "tsrs_api_codec"
version = "0.11.0"
dependencies = [
 "rustc-hash",
 "tsrs_ast",
 "tsrs_binder",
 "tsrs_core",
 "tsrs_parser",
 "tsrs_printer",
 "xxhash-rust",
]

[[package]]
name = "tsrs_api_transport"
version = "0.11.0"
dependencies = [
 "rustc-hash",
 "serde",
 "serde_json",
 "tsrs_core",
 "tsrs_ls",
 "tsrs_lsproto",
 "tsrs_project",
 "tsrs_vfs",
]

[[package]]
name = "tsrs_ast"
version = "0.11.0"
dependencies = [
 "bitflags",
 "hashbrown",
 "memchr",
 "rustc-hash",
 "tsrs_core",
 "tsrs_diagnostics",
 "tsrs_spanmap",
]

[[package]]
name = "tsrs_astnav"
version = "0.11.0"
dependencies = [
 "tsrs_ast",
 "tsrs_core",
 "tsrs_scanner",
]

[[package]]
name = "tsrs_binder"
version = "0.11.0"
dependencies = [
 "bitflags",
 "rustc-hash",
 "tsrs_ast",
 "tsrs_core",
 "tsrs_diagnostics",
 "tsrs_parser",
 "tsrs_scanner",
]

[[package]]
name = "tsrs_checker"
version = "0.11.0"
dependencies = [
 "bitflags",
 "hashbrown",
 "rustc-hash",
 "tsrs_ast",
 "tsrs_astnav",
 "tsrs_binder",
 "tsrs_core",
 "tsrs_diagnostics",
 "tsrs_module",
 "tsrs_modulespecifiers",
 "tsrs_parser",
 "tsrs_printer",
 "tsrs_pseudochecker",
 "tsrs_scanner",
 "tsrs_tsoptions",
 "xxhash-rust",
]

[[package]]
name = "tsrs_cli"
version = "0.11.0"
dependencies = [
 "libc",
 "mimalloc-safe",
 "rustc-hash",
 "tsrs_api",
 "tsrs_api_transport",
 "tsrs_ast",
 "tsrs_compiler",
 "tsrs_core",
 "tsrs_execute",
 "tsrs_lsp",
 "tsrs_tsoptions",
 "tsrs_vfs",
]

[[package]]
name = "tsrs_compiler"
version = "0.11.0"
dependencies = [
 "rayon",
 "rustc-hash",
 "tsrs_ast",
 "tsrs_binder",
 "tsrs_checker",
 "tsrs_contentmapper",
 "tsrs_core",
 "tsrs_declarations",
 "tsrs_diagnostics",
 "tsrs_module",
 "tsrs_modulespecifiers",
 "tsrs_parser",
 "tsrs_printer",
 "tsrs_scanner",
 "tsrs_sourcemap",
 "tsrs_spanmap",
 "tsrs_transformers",
 "tsrs_tsoptions",
 "tsrs_vfs",
]

[[package]]
name = "tsrs_contentmapper"
version = "0.11.0"
dependencies = [
 "rustc-hash",
 "tsrs_ast",
 "tsrs_core",
 "tsrs_diagnostics",
 "tsrs_ipc",
 "tsrs_parser",
 "tsrs_spanmap",
 "tsrs_tsoptions",
 "xxhash-rust",
]

[[package]]
name = "tsrs_contentmappertest"
version = "0.11.0"
dependencies = [
 "rustc-hash",
 "tsrs_contentmapper",
 "tsrs_core",
 "tsrs_diagnostics",
 "tsrs_ipc",
 "tsrs_spanmap",
]

[[package]]
name = "tsrs_core"
version = "0.11.0"
dependencies = [
 "hashbrown",
 "indexmap",
 "libc",
 "memchr",
 "mimalloc-safe",
 "rustc-hash",
 "unicode-id-start",
]

[[package]]
name = "tsrs_declarations"
version = "0.11.0"
dependencies = [
 "rustc-hash",
 "tsrs_ast",
 "tsrs_checker",
 "tsrs_core",
 "tsrs_diagnostics",
 "tsrs_modulespecifiers",
 "tsrs_printer",
 "tsrs_scanner",
 "tsrs_transformers",
 "tsrs_tsoptions",
]

[[package]]
name = "tsrs_diagnostics"
version = "0.11.0"
dependencies = [
 "rustc-hash",
]

[[package]]
name = "tsrs_execute"
version = "0.11.0"
dependencies = [
 "libc",
 "rustc-hash",
 "similar",
 "tsrs_ast",
 "tsrs_compiler",
 "tsrs_contentmapper",
 "tsrs_contentmappertest",
 "tsrs_core",
 "tsrs_diagnostics",
 "tsrs_incremental",
 "tsrs_ipc",
 "tsrs_tsoptions",
 "tsrs_vfs",
]

[[package]]
name = "tsrs_fourslash"
version = "0.11.0"
dependencies = [
 "regex",
 "rustc-hash",
 "tsrs_compiler",
 "tsrs_contentmapper",
 "tsrs_contentmappertest",
 "tsrs_core",
 "tsrs_diagnostics",
 "tsrs_ls",
 "tsrs_lsp",
 "tsrs_lsproto",
 "tsrs_modulespecifiers",
 "tsrs_project",
 "tsrs_scanner",
 "tsrs_tsoptions",
 "tsrs_vfs",
]

[[package]]
name = "tsrs_fswatch"
version = "0.11.0"
dependencies = [
 "libc",
 "rustc-hash",
]

[[package]]
name = "tsrs_incremental"
version = "0.11.0"
dependencies = [
 "bitflags",
 "rayon",
 "rustc-hash",
 "tsrs_ast",
 "tsrs_binder",
 "tsrs_checker",
 "tsrs_compiler",
 "tsrs_contentmapper",
 "tsrs_core",
 "tsrs_diagnostics",
 "tsrs_module",
 "tsrs_tsoptions",
 "tsrs_vfs",
 "xxhash-rust",
]

[[package]]
name = "tsrs_ipc"
version = "0.11.0"
dependencies = [
 "rustc-hash",
 "tsrs_core",
]

[[package]]
name = "tsrs_ls"
version = "0.11.0"
dependencies = [
 "bitflags",
 "indexmap",
 "rustc-hash",
 "tsrs_ast",
 "tsrs_astnav",
 "tsrs_binder",
 "tsrs_checker",
 "tsrs_compiler",
 "tsrs_core",
 "tsrs_diagnostics",
 "tsrs_lsproto",
 "tsrs_module",
 "tsrs_modulespecifiers",
 "tsrs_parser",
 "tsrs_printer",
 "tsrs_projectutil",
 "tsrs_scanner",
 "tsrs_sourcemap",
 "tsrs_spanmap",
 "tsrs_tsoptions",
 "tsrs_vfs",
]

[[package]]
name = "tsrs_lsp"
version = "0.11.0"
dependencies = [
 "indexmap",
 "rustc-hash",
 "tsrs_compiler",
 "tsrs_core",
 "tsrs_diagnostics",
 "tsrs_fswatch",
 "tsrs_ls",
 "tsrs_lsproto",
 "tsrs_project",
 "tsrs_vfs",
]

[[package]]
name = "tsrs_lsproto"
version = "0.11.0"
dependencies = [
 "rustc-hash",
 "tsrs_core",
 "tsrs_vfs",
]

[[package]]
name = "tsrs_module"
version = "0.11.0"
dependencies = [
 "bitflags",
 "rustc-hash",
 "tsrs_ast",
 "tsrs_core",
 "tsrs_diagnostics",
 "tsrs_vfs",
]

[[package]]
name = "tsrs_modulespecifiers"
version = "0.11.0"
dependencies = [
 "regex",
 "rustc-hash",
 "tsrs_ast",
 "tsrs_core",
 "tsrs_module",
 "tsrs_tsoptions",
]

[[package]]
name = "tsrs_parser"
version = "0.11.0"
dependencies = [
 "bitflags",
 "mimalloc-safe",
 "rustc-hash",
 "tsrs_ast",
 "tsrs_core",
 "tsrs_diagnostics",
 "tsrs_scanner",
 "tsrs_vfs",
]

[[package]]
name = "tsrs_printer"
version = "0.11.0"
dependencies = [
 "bitflags",
 "rustc-hash",
 "tsrs_ast",
 "tsrs_core",
 "tsrs_parser",
 "tsrs_scanner",
 "tsrs_sourcemap",
 "tsrs_vfs",
]

[[package]]
name = "tsrs_project"
version = "0.11.0"
dependencies = [
 "rustc-hash",
 "tsrs_ast",
 "tsrs_binder",
 "tsrs_checker",
 "tsrs_compiler",
 "tsrs_contentmapper",
 "tsrs_core",
 "tsrs_diagnostics",
 "tsrs_ls",
 "tsrs_lsproto",
 "tsrs_module",
 "tsrs_parser",
 "tsrs_projectutil",
 "tsrs_tsoptions",
 "tsrs_vfs",
 "xxhash-rust",
]

[[package]]
name = "tsrs_projectutil"
version = "0.11.0"
dependencies = [
 "rustc-hash",
 "tsrs_core",
]

[[package]]
name = "tsrs_pseudochecker"
version = "0.11.0"
dependencies = [
 "tsrs_ast",
 "tsrs_core",
]

[[package]]
name = "tsrs_scanner"
version = "0.11.0"
dependencies = [
 "bitflags",
 "memchr",
 "rustc-hash",
 "tsrs_ast",
 "tsrs_core",
 "tsrs_diagnostics",
]

[[package]]
name = "tsrs_sourcemap"
version = "0.11.0"
dependencies = [
 "rustc-hash",
 "tsrs_ast",
 "tsrs_core",
 "tsrs_scanner",
]

[[package]]
name = "tsrs_spanmap"
version = "0.11.0"
dependencies = [
 "bitflags",
 "tsrs_core",
]

[[package]]
name = "tsrs_testrunner"
version = "0.11.0"
dependencies = [
 "indexmap",
 "mimalloc-safe",
 "regex",
 "rustc-hash",
 "serde_json",
 "similar",
 "tsrs_ast",
 "tsrs_checker",
 "tsrs_compiler",
 "tsrs_contentmapper",
 "tsrs_core",
 "tsrs_diagnostics",
 "tsrs_incremental",
 "tsrs_parser",
 "tsrs_scanner",
 "tsrs_sourcemap",
 "tsrs_tsoptions",
 "tsrs_vfs",
]

[[package]]
name = "tsrs_transformers"
version = "0.11.0"
dependencies = [
 "bitflags",
 "rustc-hash",
 "tsrs_ast",
 "tsrs_binder",
 "tsrs_checker",
 "tsrs_compiler",
 "tsrs_core",
 "tsrs_printer",
 "tsrs_scanner",
 "tsrs_tsoptions",
 "tsrs_vfs",
]

[[package]]
name = "tsrs_tsoptions"
version = "0.11.0"
dependencies = [
 "rustc-hash",
 "tsrs_ast",
 "tsrs_core",
 "tsrs_diagnostics",
 "tsrs_module",
 "tsrs_parser",
 "tsrs_scanner",
 "tsrs_vfs",
 "xxhash-rust",
]

[[package]]
name = "tsrs_vfs"
version = "0.11.0"
dependencies = [
 "bitflags",
 "rayon",
 "rustc-hash",
 "tsrs_core",
]

[[package]]
name = "tsrs_wasm"
version = "0.11.0"
dependencies = [
 "tsrs_api",
 "tsrs_ast",
 "tsrs_compiler",
 "tsrs_contentmapper",
 "tsrs_core",
 "tsrs_diagnostics",
 "tsrs_execute",
 "tsrs_scanner",
 "tsrs_vfs",
]

[[package]]
name = "unicode-id-start"
version = "1.1.2"
source = "registry+https://github.com/rust-lang/crates.io-index"
checksum = "b8f73150333cb58412db36f2aca8f2875b013049705cc77b94ded70a1ab1f5da"

[[package]]
name = "unicode-ident"
version = "1.0.26"
source = "registry+https://github.com/rust-lang/crates.io-index"
checksum = "d245f478577f809a851594d02313b640fb437e0bb33866753cff937863096954"

[[package]]
name = "xxhash-rust"
version = "0.8.19"
source = "registry+https://github.com/rust-lang/crates.io-index"
checksum = "550a2b930b62486a393c52d5c3b84bff264b28aa437ed64694d31e93b1757af7"

[[package]]
name = "zmij"
version = "1.0.23"
source = "registry+https://github.com/rust-lang/crates.io-index"
checksum = "29666d0abbfad1e3dc4dcf6144730dd3a3ab225bbbdac83319345b1b44ccfc1b"
